// !$*UTF8*$!
{
	archiveVersion = 1;
	classes = {
	};
	objectVersion = 46;
	objects = {

/* Begin PBXBuildFile section */
		2D02E0FC17395A54007996A7 /* ARStrings.h in CopyFiles */ = {isa = PBXBuildFile; fileRef = 2D14712D1737594500845408 /* ARStrings.h */; };
		2D02E0FD17395A6F007996A7 /* UILabel+ARTheme.h in CopyFiles */ = {isa = PBXBuildFile; fileRef = 2D147124173758D200845408 /* UILabel+ARTheme.h */; };
		2D02E0FE17395A6F007996A7 /* UISegmentedControl+ARTheme.h in CopyFiles */ = {isa = PBXBuildFile; fileRef = 2D147126173758D200845408 /* UISegmentedControl+ARTheme.h */; };
		2D02E0FF17395A6F007996A7 /* UIView+ARTheme.h in CopyFiles */ = {isa = PBXBuildFile; fileRef = 2D147128173758D200845408 /* UIView+ARTheme.h */; };
		2D02E10717396280007996A7 /* UIImageView+ARTheme.m in Sources */ = {isa = PBXBuildFile; fileRef = 2D02E10617396280007996A7 /* UIImageView+ARTheme.m */; };
		2D02E10817396351007996A7 /* UIImageView+ARTheme.h in CopyFiles */ = {isa = PBXBuildFile; fileRef = 2D02E10517396280007996A7 /* UIImageView+ARTheme.h */; };
		2D02E10B17396473007996A7 /* UIButton+ARTheme.m in Sources */ = {isa = PBXBuildFile; fileRef = 2D02E10A17396473007996A7 /* UIButton+ARTheme.m */; };
		2D02E10C17396557007996A7 /* UIButton+ARTheme.h in CopyFiles */ = {isa = PBXBuildFile; fileRef = 2D02E10917396473007996A7 /* UIButton+ARTheme.h */; };
		2D02E10E17396A75007996A7 /* CoreGraphics.framework in Frameworks */ = {isa = PBXBuildFile; fileRef = 2D02E10D17396A75007996A7 /* CoreGraphics.framework */; };
		2D02E11017396A8C007996A7 /* QuartzCore.framework in Frameworks */ = {isa = PBXBuildFile; fileRef = 2D02E10F17396A8C007996A7 /* QuartzCore.framework */; };
		2D02E119173974F3007996A7 /* colors.json in Resources */ = {isa = PBXBuildFile; fileRef = 2D02E114173974F3007996A7 /* colors.json */; };
		2D02E11A173974F3007996A7 /* fonts.json in Resources */ = {isa = PBXBuildFile; fileRef = 2D02E115173974F3007996A7 /* fonts.json */; };
		2D02E11B173974F3007996A7 /* images.json in Resources */ = {isa = PBXBuildFile; fileRef = 2D02E116173974F3007996A7 /* images.json */; };
		2D02E11C173974F3007996A7 /* strings.json in Resources */ = {isa = PBXBuildFile; fileRef = 2D02E117173974F3007996A7 /* strings.json */; };
		2D02E11D173974F3007996A7 /* styles.json in Resources */ = {isa = PBXBuildFile; fileRef = 2D02E118173974F3007996A7 /* styles.json */; };
		2D02E1201739756F007996A7 /* ARLayoutTests.m in Sources */ = {isa = PBXBuildFile; fileRef = 2D02E11F1739756F007996A7 /* ARLayoutTests.m */; };
		2D02E121173976F7007996A7 /* QuartzCore.framework in Frameworks */ = {isa = PBXBuildFile; fileRef = 2D02E10F17396A8C007996A7 /* QuartzCore.framework */; };
		2D02E122173976F7007996A7 /* CoreGraphics.framework in Frameworks */ = {isa = PBXBuildFile; fileRef = 2D02E10D17396A75007996A7 /* CoreGraphics.framework */; };
		2D02E123173976F7007996A7 /* UIKit.framework in Frameworks */ = {isa = PBXBuildFile; fileRef = 2D1470FA17374F8100845408 /* UIKit.framework */; };
		2D1470BF17374DCC00845408 /* Foundation.framework in Frameworks */ = {isa = PBXBuildFile; fileRef = 2D1470BE17374DCC00845408 /* Foundation.framework */; };
		2D1470C417374DCC00845408 /* ARKit.h in CopyFiles */ = {isa = PBXBuildFile; fileRef = 2D1470C317374DCC00845408 /* ARKit.h */; };
		2D1470CE17374DCD00845408 /* SenTestingKit.framework in Frameworks */ = {isa = PBXBuildFile; fileRef = 2D1470CD17374DCD00845408 /* SenTestingKit.framework */; };
		2D1470D017374DCD00845408 /* UIKit.framework in Frameworks */ = {isa = PBXBuildFile; fileRef = 2D1470CF17374DCD00845408 /* UIKit.framework */; };
		2D1470D117374DCD00845408 /* Foundation.framework in Frameworks */ = {isa = PBXBuildFile; fileRef = 2D1470BE17374DCC00845408 /* Foundation.framework */; };
		2D1470D417374DCD00845408 /* libARKit.a in Frameworks */ = {isa = PBXBuildFile; fileRef = 2D1470BB17374DCC00845408 /* libARKit.a */; };
		2D1470DA17374DCD00845408 /* InfoPlist.strings in Resources */ = {isa = PBXBuildFile; fileRef = 2D1470D817374DCD00845408 /* InfoPlist.strings */; };
		2D1470DD17374DCD00845408 /* ARKitTests.m in Sources */ = {isa = PBXBuildFile; fileRef = 2D1470DC17374DCD00845408 /* ARKitTests.m */; };
		2D1470EF17374E6400845408 /* NSString+Color.m in Sources */ = {isa = PBXBuildFile; fileRef = 2D1470E817374E6400845408 /* NSString+Color.m */; };
		2D1470F917374F2D00845408 /* ARTheme.m in Sources */ = {isa = PBXBuildFile; fileRef = 2D1470F717374F2D00845408 /* ARTheme.m */; };
		2D1470FB17374F8100845408 /* UIKit.framework in Frameworks */ = {isa = PBXBuildFile; fileRef = 2D1470FA17374F8100845408 /* UIKit.framework */; };
		2D1470FC17374FD600845408 /* NSString+Color.h in CopyFiles */ = {isa = PBXBuildFile; fileRef = 2D1470E717374E6400845408 /* NSString+Color.h */; };
		2D14710117374FD600845408 /* ARTheme.h in CopyFiles */ = {isa = PBXBuildFile; fileRef = 2D1470F617374F2D00845408 /* ARTheme.h */; };
		2D14710C173750A600845408 /* ARLayoutEngine.m in Sources */ = {isa = PBXBuildFile; fileRef = 2D14710B173750A600845408 /* ARLayoutEngine.m */; };
		2D14710D173750D000845408 /* ARLayoutEngine.h in CopyFiles */ = {isa = PBXBuildFile; fileRef = 2D14710A173750A600845408 /* ARLayoutEngine.h */; };
		2D1471101737513700845408 /* ARAppUtil.m in Sources */ = {isa = PBXBuildFile; fileRef = 2D14710F1737513700845408 /* ARAppUtil.m */; };
		2D1471111737515300845408 /* ARAppUtil.h in CopyFiles */ = {isa = PBXBuildFile; fileRef = 2D14710E1737513700845408 /* ARAppUtil.h */; };
		2D14711A1737536100845408 /* ARBenchMark.m in Sources */ = {isa = PBXBuildFile; fileRef = 2D1471191737536100845408 /* ARBenchMark.m */; };
		2D14711B1737538900845408 /* ARBenchMark.h in CopyFiles */ = {isa = PBXBuildFile; fileRef = 2D1471181737536100845408 /* ARBenchMark.h */; };
		2D14712A173758D200845408 /* UILabel+ARTheme.m in Sources */ = {isa = PBXBuildFile; fileRef = 2D147125173758D200845408 /* UILabel+ARTheme.m */; };
		2D14712B173758D200845408 /* UISegmentedControl+ARTheme.m in Sources */ = {isa = PBXBuildFile; fileRef = 2D147127173758D200845408 /* UISegmentedControl+ARTheme.m */; };
		2D14712C173758D200845408 /* UIView+ARTheme.m in Sources */ = {isa = PBXBuildFile; fileRef = 2D147129173758D200845408 /* UIView+ARTheme.m */; };
		2D14712F1737594500845408 /* ARStrings.m in Sources */ = {isa = PBXBuildFile; fileRef = 2D14712E1737594500845408 /* ARStrings.m */; };
		2D14713217375E6100845408 /* UIView+ARLayout.m in Sources */ = {isa = PBXBuildFile; fileRef = 2D14713117375E6100845408 /* UIView+ARLayout.m */; };
		2D14713317375E8700845408 /* UIView+ARLayout.h in CopyFiles */ = {isa = PBXBuildFile; fileRef = 2D14713017375E6100845408 /* UIView+ARLayout.h */; };
/* End PBXBuildFile section */

/* Begin PBXContainerItemProxy section */
		2D1470D217374DCD00845408 /* PBXContainerItemProxy */ = {
			isa = PBXContainerItemProxy;
			containerPortal = 2D1470B317374DCC00845408 /* Project object */;
			proxyType = 1;
			remoteGlobalIDString = 2D1470BA17374DCC00845408;
			remoteInfo = ARKit;
		};
/* End PBXContainerItemProxy section */

/* Begin PBXCopyFilesBuildPhase section */
		2D1470B917374DCC00845408 /* CopyFiles */ = {
			isa = PBXCopyFilesBuildPhase;
			buildActionMask = 2147483647;
			dstPath = "include/${PRODUCT_NAME}";
			dstSubfolderSpec = 16;
			files = (
				2D02E10C17396557007996A7 /* UIButton+ARTheme.h in CopyFiles */,
				2D02E10817396351007996A7 /* UIImageView+ARTheme.h in CopyFiles */,
				2D02E0FD17395A6F007996A7 /* UILabel+ARTheme.h in CopyFiles */,
				2D02E0FE17395A6F007996A7 /* UISegmentedControl+ARTheme.h in CopyFiles */,
				2D02E0FF17395A6F007996A7 /* UIView+ARTheme.h in CopyFiles */,
				2D02E0FC17395A54007996A7 /* ARStrings.h in CopyFiles */,
				2D14713317375E8700845408 /* UIView+ARLayout.h in CopyFiles */,
				2D14711B1737538900845408 /* ARBenchMark.h in CopyFiles */,
				2D1471111737515300845408 /* ARAppUtil.h in CopyFiles */,
				2D14710D173750D000845408 /* ARLayoutEngine.h in CopyFiles */,
				2D1470FC17374FD600845408 /* NSString+Color.h in CopyFiles */,
				2D14710117374FD600845408 /* ARTheme.h in CopyFiles */,
				2D1470C417374DCC00845408 /* ARKit.h in CopyFiles */,
			);
			runOnlyForDeploymentPostprocessing = 0;
		};
/* End PBXCopyFilesBuildPhase section */

/* Begin PBXFileReference section */
		2D02E10517396280007996A7 /* UIImageView+ARTheme.h */ = {isa = PBXFileReference; fileEncoding = 4; lastKnownFileType = sourcecode.c.h; path = "UIImageView+ARTheme.h"; sourceTree = "<group>"; };
		2D02E10617396280007996A7 /* UIImageView+ARTheme.m */ = {isa = PBXFileReference; fileEncoding = 4; lastKnownFileType = sourcecode.c.objc; path = "UIImageView+ARTheme.m"; sourceTree = "<group>"; };
		2D02E10917396473007996A7 /* UIButton+ARTheme.h */ = {isa = PBXFileReference; fileEncoding = 4; lastKnownFileType = sourcecode.c.h; path = "UIButton+ARTheme.h"; sourceTree = "<group>"; };
		2D02E10A17396473007996A7 /* UIButton+ARTheme.m */ = {isa = PBXFileReference; fileEncoding = 4; lastKnownFileType = sourcecode.c.objc; path = "UIButton+ARTheme.m"; sourceTree = "<group>"; };
		2D02E10D17396A75007996A7 /* CoreGraphics.framework */ = {isa = PBXFileReference; lastKnownFileType = wrapper.framework; name = CoreGraphics.framework; path = System/Library/Frameworks/CoreGraphics.framework; sourceTree = SDKROOT; };
		2D02E10F17396A8C007996A7 /* QuartzCore.framework */ = {isa = PBXFileReference; lastKnownFileType = wrapper.framework; name = QuartzCore.framework; path = System/Library/Frameworks/QuartzCore.framework; sourceTree = SDKROOT; };
		2D02E114173974F3007996A7 /* colors.json */ = {isa = PBXFileReference; fileEncoding = 4; lastKnownFileType = text.json; path = colors.json; sourceTree = "<group>"; };
		2D02E115173974F3007996A7 /* fonts.json */ = {isa = PBXFileReference; fileEncoding = 4; lastKnownFileType = text.json; path = fonts.json; sourceTree = "<group>"; };
		2D02E116173974F3007996A7 /* images.json */ = {isa = PBXFileReference; fileEncoding = 4; lastKnownFileType = text.json; path = images.json; sourceTree = "<group>"; };
		2D02E117173974F3007996A7 /* strings.json */ = {isa = PBXFileReference; fileEncoding = 4; lastKnownFileType = text.json; path = strings.json; sourceTree = "<group>"; };
		2D02E118173974F3007996A7 /* styles.json */ = {isa = PBXFileReference; fileEncoding = 4; lastKnownFileType = text.json; path = styles.json; sourceTree = "<group>"; };
		2D02E11E1739756F007996A7 /* ARLayoutTests.h */ = {isa = PBXFileReference; fileEncoding = 4; lastKnownFileType = sourcecode.c.h; path = ARLayoutTests.h; sourceTree = "<group>"; };
		2D02E11F1739756F007996A7 /* ARLayoutTests.m */ = {isa = PBXFileReference; fileEncoding = 4; lastKnownFileType = sourcecode.c.objc; path = ARLayoutTests.m; sourceTree = "<group>"; };
		2D1470BB17374DCC00845408 /* libARKit.a */ = {isa = PBXFileReference; explicitFileType = archive.ar; includeInIndex = 0; path = libARKit.a; sourceTree = BUILT_PRODUCTS_DIR; };
		2D1470BE17374DCC00845408 /* Foundation.framework */ = {isa = PBXFileReference; lastKnownFileType = wrapper.framework; name = Foundation.framework; path = System/Library/Frameworks/Foundation.framework; sourceTree = SDKROOT; };
		2D1470C217374DCC00845408 /* ARKit-Prefix.pch */ = {isa = PBXFileReference; lastKnownFileType = sourcecode.c.h; path = "ARKit-Prefix.pch"; sourceTree = "<group>"; };
		2D1470C317374DCC00845408 /* ARKit.h */ = {isa = PBXFileReference; lastKnownFileType = sourcecode.c.h; path = ARKit.h; sourceTree = "<group>"; };
		2D1470CC17374DCD00845408 /* ARKitTests.octest */ = {isa = PBXFileReference; explicitFileType = wrapper.cfbundle; includeInIndex = 0; path = ARKitTests.octest; sourceTree = BUILT_PRODUCTS_DIR; };
		2D1470CD17374DCD00845408 /* SenTestingKit.framework */ = {isa = PBXFileReference; lastKnownFileType = wrapper.framework; name = SenTestingKit.framework; path = Library/Frameworks/SenTestingKit.framework; sourceTree = DEVELOPER_DIR; };
		2D1470CF17374DCD00845408 /* UIKit.framework */ = {isa = PBXFileReference; lastKnownFileType = wrapper.framework; name = UIKit.framework; path = Library/Frameworks/UIKit.framework; sourceTree = DEVELOPER_DIR; };
		2D1470D717374DCD00845408 /* ARKitTests-Info.plist */ = {isa = PBXFileReference; lastKnownFileType = text.plist.xml; path = "ARKitTests-Info.plist"; sourceTree = "<group>"; };
		2D1470D917374DCD00845408 /* en */ = {isa = PBXFileReference; lastKnownFileType = text.plist.strings; name = en; path = en.lproj/InfoPlist.strings; sourceTree = "<group>"; };
		2D1470DB17374DCD00845408 /* ARKitTests.h */ = {isa = PBXFileReference; lastKnownFileType = sourcecode.c.h; path = ARKitTests.h; sourceTree = "<group>"; };
		2D1470DC17374DCD00845408 /* ARKitTests.m */ = {isa = PBXFileReference; lastKnownFileType = sourcecode.c.objc; path = ARKitTests.m; sourceTree = "<group>"; };
		2D1470E717374E6400845408 /* NSString+Color.h */ = {isa = PBXFileReference; fileEncoding = 4; lastKnownFileType = sourcecode.c.h; path = "NSString+Color.h"; sourceTree = "<group>"; };
		2D1470E817374E6400845408 /* NSString+Color.m */ = {isa = PBXFileReference; fileEncoding = 4; lastKnownFileType = sourcecode.c.objc; path = "NSString+Color.m"; sourceTree = "<group>"; };
		2D1470F617374F2D00845408 /* ARTheme.h */ = {isa = PBXFileReference; fileEncoding = 4; lastKnownFileType = sourcecode.c.h; path = ARTheme.h; sourceTree = "<group>"; };
		2D1470F717374F2D00845408 /* ARTheme.m */ = {isa = PBXFileReference; fileEncoding = 4; lastKnownFileType = sourcecode.c.objc; path = ARTheme.m; sourceTree = "<group>"; };
		2D1470FA17374F8100845408 /* UIKit.framework */ = {isa = PBXFileReference; lastKnownFileType = wrapper.framework; name = UIKit.framework; path = System/Library/Frameworks/UIKit.framework; sourceTree = SDKROOT; };
		2D14710A173750A600845408 /* ARLayoutEngine.h */ = {isa = PBXFileReference; fileEncoding = 4; lastKnownFileType = sourcecode.c.h; path = ARLayoutEngine.h; sourceTree = "<group>"; };
		2D14710B173750A600845408 /* ARLayoutEngine.m */ = {isa = PBXFileReference; fileEncoding = 4; lastKnownFileType = sourcecode.c.objc; path = ARLayoutEngine.m; sourceTree = "<group>"; };
		2D14710E1737513700845408 /* ARAppUtil.h */ = {isa = PBXFileReference; fileEncoding = 4; lastKnownFileType = sourcecode.c.h; path = ARAppUtil.h; sourceTree = "<group>"; };
		2D14710F1737513700845408 /* ARAppUtil.m */ = {isa = PBXFileReference; fileEncoding = 4; lastKnownFileType = sourcecode.c.objc; path = ARAppUtil.m; sourceTree = "<group>"; };
		2D1471181737536100845408 /* ARBenchMark.h */ = {isa = PBXFileReference; fileEncoding = 4; lastKnownFileType = sourcecode.c.h; path = ARBenchMark.h; sourceTree = "<group>"; };
		2D1471191737536100845408 /* ARBenchMark.m */ = {isa = PBXFileReference; fileEncoding = 4; lastKnownFileType = sourcecode.c.objc; path = ARBenchMark.m; sourceTree = "<group>"; };
		2D147124173758D200845408 /* UILabel+ARTheme.h */ = {isa = PBXFileReference; fileEncoding = 4; lastKnownFileType = sourcecode.c.h; path = "UILabel+ARTheme.h"; sourceTree = "<group>"; };
		2D147125173758D200845408 /* UILabel+ARTheme.m */ = {isa = PBXFileReference; fileEncoding = 4; lastKnownFileType = sourcecode.c.objc; path = "UILabel+ARTheme.m"; sourceTree = "<group>"; };
		2D147126173758D200845408 /* UISegmentedControl+ARTheme.h */ = {isa = PBXFileReference; fileEncoding = 4; lastKnownFileType = sourcecode.c.h; path = "UISegmentedControl+ARTheme.h"; sourceTree = "<group>"; };
		2D147127173758D200845408 /* UISegmentedControl+ARTheme.m */ = {isa = PBXFileReference; fileEncoding = 4; lastKnownFileType = sourcecode.c.objc; path = "UISegmentedControl+ARTheme.m"; sourceTree = "<group>"; };
		2D147128173758D200845408 /* UIView+ARTheme.h */ = {isa = PBXFileReference; fileEncoding = 4; lastKnownFileType = sourcecode.c.h; path = "UIView+ARTheme.h"; sourceTree = "<group>"; };
		2D147129173758D200845408 /* UIView+ARTheme.m */ = {isa = PBXFileReference; fileEncoding = 4; lastKnownFileType = sourcecode.c.objc; path = "UIView+ARTheme.m"; sourceTree = "<group>"; };
		2D14712D1737594500845408 /* ARStrings.h */ = {isa = PBXFileReference; fileEncoding = 4; lastKnownFileType = sourcecode.c.h; path = ARStrings.h; sourceTree = "<group>"; };
		2D14712E1737594500845408 /* ARStrings.m */ = {isa = PBXFileReference; fileEncoding = 4; lastKnownFileType = sourcecode.c.objc; path = ARStrings.m; sourceTree = "<group>"; };
		2D14713017375E6100845408 /* UIView+ARLayout.h */ = {isa = PBXFileReference; fileEncoding = 4; lastKnownFileType = sourcecode.c.h; path = "UIView+ARLayout.h"; sourceTree = "<group>"; };
		2D14713117375E6100845408 /* UIView+ARLayout.m */ = {isa = PBXFileReference; fileEncoding = 4; lastKnownFileType = sourcecode.c.objc; path = "UIView+ARLayout.m"; sourceTree = "<group>"; };
/* End PBXFileReference section */

/* Begin PBXFrameworksBuildPhase section */
		2D1470B817374DCC00845408 /* Frameworks */ = {
			isa = PBXFrameworksBuildPhase;
			buildActionMask = 2147483647;
			files = (
				2D02E11017396A8C007996A7 /* QuartzCore.framework in Frameworks */,
				2D02E10E17396A75007996A7 /* CoreGraphics.framework in Frameworks */,
				2D1470FB17374F8100845408 /* UIKit.framework in Frameworks */,
				2D1470BF17374DCC00845408 /* Foundation.framework in Frameworks */,
			);
			runOnlyForDeploymentPostprocessing = 0;
		};
		2D1470C817374DCD00845408 /* Frameworks */ = {
			isa = PBXFrameworksBuildPhase;
			buildActionMask = 2147483647;
			files = (
				2D1470CE17374DCD00845408 /* SenTestingKit.framework in Frameworks */,
				2D1470D017374DCD00845408 /* UIKit.framework in Frameworks */,
				2D1470D117374DCD00845408 /* Foundation.framework in Frameworks */,
				2D1470D417374DCD00845408 /* libARKit.a in Frameworks */,
				2D02E121173976F7007996A7 /* QuartzCore.framework in Frameworks */,
				2D02E122173976F7007996A7 /* CoreGraphics.framework in Frameworks */,
				2D02E123173976F7007996A7 /* UIKit.framework in Frameworks */,
			);
			runOnlyForDeploymentPostprocessing = 0;
		};
/* End PBXFrameworksBuildPhase section */

/* Begin PBXGroup section */
		2D02E113173974F3007996A7 /* TestTheme */ = {
			isa = PBXGroup;
			children = (
				2D02E114173974F3007996A7 /* colors.json */,
				2D02E115173974F3007996A7 /* fonts.json */,
				2D02E116173974F3007996A7 /* images.json */,
				2D02E117173974F3007996A7 /* strings.json */,
				2D02E118173974F3007996A7 /* styles.json */,
			);
			path = TestTheme;
			sourceTree = "<group>";
		};
		2D1470B217374DCC00845408 = {
			isa = PBXGroup;
			children = (
				2D1470C017374DCC00845408 /* ARKit */,
				2D1470D517374DCD00845408 /* ARKitTests */,
				2D1470BD17374DCC00845408 /* Frameworks */,
				2D1470BC17374DCC00845408 /* Products */,
			);
			sourceTree = "<group>";
		};
		2D1470BC17374DCC00845408 /* Products */ = {
			isa = PBXGroup;
			children = (
				2D1470BB17374DCC00845408 /* libARKit.a */,
				2D1470CC17374DCD00845408 /* ARKitTests.octest */,
			);
			name = Products;
			sourceTree = "<group>";
		};
		2D1470BD17374DCC00845408 /* Frameworks */ = {
			isa = PBXGroup;
			children = (
				2D02E10F17396A8C007996A7 /* QuartzCore.framework */,
				2D02E10D17396A75007996A7 /* CoreGraphics.framework */,
				2D1470FA17374F8100845408 /* UIKit.framework */,
				2D1470BE17374DCC00845408 /* Foundation.framework */,
				2D1470CD17374DCD00845408 /* SenTestingKit.framework */,
				2D1470CF17374DCD00845408 /* UIKit.framework */,
			);
			name = Frameworks;
			sourceTree = "<group>";
		};
		2D1470C017374DCC00845408 /* ARKit */ = {
			isa = PBXGroup;
			children = (
				2D1470C317374DCC00845408 /* ARKit.h */,
				2D1471061737504B00845408 /* ARUtils */,
				2D1471021737501A00845408 /* ARLayout */,
				2D1470F317374EE600845408 /* ARTheme */,
				2D1470E617374E0900845408 /* Categories */,
				2D1470C117374DCC00845408 /* Supporting Files */,
			);
			path = ARKit;
			sourceTree = "<group>";
		};
		2D1470C117374DCC00845408 /* Supporting Files */ = {
			isa = PBXGroup;
			children = (
				2D1470C217374DCC00845408 /* ARKit-Prefix.pch */,
			);
			name = "Supporting Files";
			sourceTree = "<group>";
		};
		2D1470D517374DCD00845408 /* ARKitTests */ = {
			isa = PBXGroup;
			children = (
				2D02E113173974F3007996A7 /* TestTheme */,
				2D1470DB17374DCD00845408 /* ARKitTests.h */,
				2D1470DC17374DCD00845408 /* ARKitTests.m */,
				2D02E11E1739756F007996A7 /* ARLayoutTests.h */,
				2D02E11F1739756F007996A7 /* ARLayoutTests.m */,
				2D1470D617374DCD00845408 /* Supporting Files */,
			);
			path = ARKitTests;
			sourceTree = "<group>";
		};
		2D1470D617374DCD00845408 /* Supporting Files */ = {
			isa = PBXGroup;
			children = (
				2D1470D717374DCD00845408 /* ARKitTests-Info.plist */,
				2D1470D817374DCD00845408 /* InfoPlist.strings */,
			);
			name = "Supporting Files";
			sourceTree = "<group>";
		};
		2D1470E617374E0900845408 /* Categories */ = {
			isa = PBXGroup;
			children = (
				2D1470E717374E6400845408 /* NSString+Color.h */,
				2D1470E817374E6400845408 /* NSString+Color.m */,
			);
			path = Categories;
			sourceTree = "<group>";
		};
		2D1470F317374EE600845408 /* ARTheme */ = {
			isa = PBXGroup;
			children = (
				2D1470F617374F2D00845408 /* ARTheme.h */,
				2D1470F717374F2D00845408 /* ARTheme.m */,
				2D14712D1737594500845408 /* ARStrings.h */,
				2D14712E1737594500845408 /* ARStrings.m */,
				2D147124173758D200845408 /* UILabel+ARTheme.h */,
				2D147125173758D200845408 /* UILabel+ARTheme.m */,
				2D147126173758D200845408 /* UISegmentedControl+ARTheme.h */,
				2D147127173758D200845408 /* UISegmentedControl+ARTheme.m */,
				2D147128173758D200845408 /* UIView+ARTheme.h */,
				2D147129173758D200845408 /* UIView+ARTheme.m */,
				2D02E10517396280007996A7 /* UIImageView+ARTheme.h */,
				2D02E10617396280007996A7 /* UIImageView+ARTheme.m */,
				2D02E10917396473007996A7 /* UIButton+ARTheme.h */,
				2D02E10A17396473007996A7 /* UIButton+ARTheme.m */,
			);
			path = ARTheme;
			sourceTree = "<group>";
		};
		2D1471021737501A00845408 /* ARLayout */ = {
			isa = PBXGroup;
			children = (
				2D14710A173750A600845408 /* ARLayoutEngine.h */,
				2D14710B173750A600845408 /* ARLayoutEngine.m */,
				2D14713017375E6100845408 /* UIView+ARLayout.h */,
				2D14713117375E6100845408 /* UIView+ARLayout.m */,
			);
			path = ARLayout;
			sourceTree = "<group>";
		};
		2D1471061737504B00845408 /* ARUtils */ = {
			isa = PBXGroup;
			children = (
				2D1471181737536100845408 /* ARBenchMark.h */,
				2D1471191737536100845408 /* ARBenchMark.m */,
				2D14710E1737513700845408 /* ARAppUtil.h */,
				2D14710F1737513700845408 /* ARAppUtil.m */,
			);
			path = ARUtils;
			sourceTree = "<group>";
		};
/* End PBXGroup section */

/* Begin PBXNativeTarget section */
		2D1470BA17374DCC00845408 /* ARKit */ = {
			isa = PBXNativeTarget;
			buildConfigurationList = 2D1470E017374DCD00845408 /* Build configuration list for PBXNativeTarget "ARKit" */;
			buildPhases = (
				2D1470B717374DCC00845408 /* Sources */,
				2D1470B817374DCC00845408 /* Frameworks */,
				2D1470B917374DCC00845408 /* CopyFiles */,
			);
			buildRules = (
			);
			dependencies = (
			);
			name = ARKit;
			productName = ARKit;
			productReference = 2D1470BB17374DCC00845408 /* libARKit.a */;
			productType = "com.apple.product-type.library.static";
		};
		2D1470CB17374DCD00845408 /* ARKitTests */ = {
			isa = PBXNativeTarget;
			buildConfigurationList = 2D1470E317374DCD00845408 /* Build configuration list for PBXNativeTarget "ARKitTests" */;
			buildPhases = (
				2D1470C717374DCD00845408 /* Sources */,
				2D1470C817374DCD00845408 /* Frameworks */,
				2D1470C917374DCD00845408 /* Resources */,
				2D1470CA17374DCD00845408 /* ShellScript */,
			);
			buildRules = (
			);
			dependencies = (
				2D1470D317374DCD00845408 /* PBXTargetDependency */,
			);
			name = ARKitTests;
			productName = ARKitTests;
			productReference = 2D1470CC17374DCD00845408 /* ARKitTests.octest */;
			productType = "com.apple.product-type.bundle";
		};
/* End PBXNativeTarget section */

/* Begin PBXProject section */
		2D1470B317374DCC00845408 /* Project object */ = {
			isa = PBXProject;
			attributes = {
				LastUpgradeCheck = 0460;
				ORGANIZATIONNAME = AlpineReplay;
			};
			buildConfigurationList = 2D1470B617374DCC00845408 /* Build configuration list for PBXProject "ARKit" */;
			compatibilityVersion = "Xcode 3.2";
			developmentRegion = English;
			hasScannedForEncodings = 0;
			knownRegions = (
				en,
			);
			mainGroup = 2D1470B217374DCC00845408;
			productRefGroup = 2D1470BC17374DCC00845408 /* Products */;
			projectDirPath = "";
			projectRoot = "";
			targets = (
				2D1470BA17374DCC00845408 /* ARKit */,
				2D1470CB17374DCD00845408 /* ARKitTests */,
			);
		};
/* End PBXProject section */

/* Begin PBXResourcesBuildPhase section */
		2D1470C917374DCD00845408 /* Resources */ = {
			isa = PBXResourcesBuildPhase;
			buildActionMask = 2147483647;
			files = (
				2D1470DA17374DCD00845408 /* InfoPlist.strings in Resources */,
				2D02E119173974F3007996A7 /* colors.json in Resources */,
				2D02E11A173974F3007996A7 /* fonts.json in Resources */,
				2D02E11B173974F3007996A7 /* images.json in Resources */,
				2D02E11C173974F3007996A7 /* strings.json in Resources */,
				2D02E11D173974F3007996A7 /* styles.json in Resources */,
			);
			runOnlyForDeploymentPostprocessing = 0;
		};
/* End PBXResourcesBuildPhase section */

/* Begin PBXShellScriptBuildPhase section */
		2D1470CA17374DCD00845408 /* ShellScript */ = {
			isa = PBXShellScriptBuildPhase;
			buildActionMask = 2147483647;
			files = (
			);
			inputPaths = (
			);
			outputPaths = (
			);
			runOnlyForDeploymentPostprocessing = 0;
			shellPath = /bin/sh;
			shellScript = "# Run the unit tests in this test bundle.\n\"${SYSTEM_DEVELOPER_DIR}/Tools/RunUnitTests\"\n";
		};
/* End PBXShellScriptBuildPhase section */

/* Begin PBXSourcesBuildPhase section */
		2D1470B717374DCC00845408 /* Sources */ = {
			isa = PBXSourcesBuildPhase;
			buildActionMask = 2147483647;
			files = (
				2D1470EF17374E6400845408 /* NSString+Color.m in Sources */,
				2D1470F917374F2D00845408 /* ARTheme.m in Sources */,
				2D14710C173750A600845408 /* ARLayoutEngine.m in Sources */,
				2D1471101737513700845408 /* ARAppUtil.m in Sources */,
				2D14711A1737536100845408 /* ARBenchMark.m in Sources */,
				2D14712A173758D200845408 /* UILabel+ARTheme.m in Sources */,
				2D14712B173758D200845408 /* UISegmentedControl+ARTheme.m in Sources */,
				2D14712C173758D200845408 /* UIView+ARTheme.m in Sources */,
				2D14712F1737594500845408 /* ARStrings.m in Sources */,
				2D14713217375E6100845408 /* UIView+ARLayout.m in Sources */,
				2D02E10717396280007996A7 /* UIImageView+ARTheme.m in Sources */,
				2D02E10B17396473007996A7 /* UIButton+ARTheme.m in Sources */,
			);
			runOnlyForDeploymentPostprocessing = 0;
		};
		2D1470C717374DCD00845408 /* Sources */ = {
			isa = PBXSourcesBuildPhase;
			buildActionMask = 2147483647;
			files = (
				2D1470DD17374DCD00845408 /* ARKitTests.m in Sources */,
				2D02E1201739756F007996A7 /* ARLayoutTests.m in Sources */,
			);
			runOnlyForDeploymentPostprocessing = 0;
		};
/* End PBXSourcesBuildPhase section */

/* Begin PBXTargetDependency section */
		2D1470D317374DCD00845408 /* PBXTargetDependency */ = {
			isa = PBXTargetDependency;
			target = 2D1470BA17374DCC00845408 /* ARKit */;
			targetProxy = 2D1470D217374DCD00845408 /* PBXContainerItemProxy */;
		};
/* End PBXTargetDependency section */

/* Begin PBXVariantGroup section */
		2D1470D817374DCD00845408 /* InfoPlist.strings */ = {
			isa = PBXVariantGroup;
			children = (
				2D1470D917374DCD00845408 /* en */,
			);
			name = InfoPlist.strings;
			sourceTree = "<group>";
		};
/* End PBXVariantGroup section */

/* Begin XCBuildConfiguration section */
		2D1470DE17374DCD00845408 /* Debug */ = {
			isa = XCBuildConfiguration;
			buildSettings = {
				ALWAYS_SEARCH_USER_PATHS = NO;
				CLANG_CXX_LANGUAGE_STANDARD = "gnu++0x";
				CLANG_CXX_LIBRARY = "libc++";
				CLANG_ENABLE_OBJC_ARC = YES;
				CLANG_WARN_CONSTANT_CONVERSION = YES;
				CLANG_WARN_EMPTY_BODY = YES;
				CLANG_WARN_ENUM_CONVERSION = YES;
				CLANG_WARN_INT_CONVERSION = YES;
				CLANG_WARN__DUPLICATE_METHOD_MATCH = YES;
				COPY_PHASE_STRIP = NO;
				GCC_C_LANGUAGE_STANDARD = gnu99;
				GCC_DYNAMIC_NO_PIC = NO;
				GCC_OPTIMIZATION_LEVEL = 0;
				GCC_PREPROCESSOR_DEFINITIONS = (
					"DEBUG=1",
					"$(inherited)",
				);
				GCC_SYMBOLS_PRIVATE_EXTERN = NO;
				GCC_WARN_ABOUT_RETURN_TYPE = YES;
				GCC_WARN_UNINITIALIZED_AUTOS = YES;
				GCC_WARN_UNUSED_VARIABLE = YES;
				IPHONEOS_DEPLOYMENT_TARGET = 6.1;
				ONLY_ACTIVE_ARCH = YES;
				SDKROOT = iphoneos;
			};
			name = Debug;
		};
		2D1470DF17374DCD00845408 /* Release */ = {
			isa = XCBuildConfiguration;
			buildSettings = {
				ALWAYS_SEARCH_USER_PATHS = NO;
				CLANG_CXX_LANGUAGE_STANDARD = "gnu++0x";
				CLANG_CXX_LIBRARY = "libc++";
				CLANG_ENABLE_OBJC_ARC = YES;
				CLANG_WARN_CONSTANT_CONVERSION = YES;
				CLANG_WARN_EMPTY_BODY = YES;
				CLANG_WARN_ENUM_CONVERSION = YES;
				CLANG_WARN_INT_CONVERSION = YES;
				CLANG_WARN__DUPLICATE_METHOD_MATCH = YES;
				COPY_PHASE_STRIP = YES;
				GCC_C_LANGUAGE_STANDARD = gnu99;
				GCC_WARN_ABOUT_RETURN_TYPE = YES;
				GCC_WARN_UNINITIALIZED_AUTOS = YES;
				GCC_WARN_UNUSED_VARIABLE = YES;
				IPHONEOS_DEPLOYMENT_TARGET = 6.1;
				SDKROOT = iphoneos;
				VALIDATE_PRODUCT = YES;
			};
			name = Release;
		};
		2D1470E117374DCD00845408 /* Debug */ = {
			isa = XCBuildConfiguration;
			buildSettings = {
				DSTROOT = /tmp/ARKit.dst;
				GCC_PRECOMPILE_PREFIX_HEADER = YES;
				GCC_PREFIX_HEADER = "ARKit/ARKit-Prefix.pch";
				OTHER_LDFLAGS = "-ObjC";
				PRODUCT_NAME = "$(TARGET_NAME)";
				SKIP_INSTALL = YES;
			};
			name = Debug;
		};
		2D1470E217374DCD00845408 /* Release */ = {
			isa = XCBuildConfiguration;
			buildSettings = {
				DSTROOT = /tmp/ARKit.dst;
				GCC_PRECOMPILE_PREFIX_HEADER = YES;
				GCC_PREFIX_HEADER = "ARKit/ARKit-Prefix.pch";
				OTHER_LDFLAGS = "-ObjC";
				PRODUCT_NAME = "$(TARGET_NAME)";
				SKIP_INSTALL = YES;
			};
			name = Release;
		};
		2D1470E417374DCD00845408 /* Debug */ = {
			isa = XCBuildConfiguration;
			buildSettings = {
				FRAMEWORK_SEARCH_PATHS = (
					"\"$(SDKROOT)/Developer/Library/Frameworks\"",
					"\"$(DEVELOPER_LIBRARY_DIR)/Frameworks\"",
				);
				GCC_PRECOMPILE_PREFIX_HEADER = YES;
				GCC_PREFIX_HEADER = "ARKit/ARKit-Prefix.pch";
				INFOPLIST_FILE = "ARKitTests/ARKitTests-Info.plist";
				OTHER_LDFLAGS = "-ObjC";
				PRODUCT_NAME = "$(TARGET_NAME)";
				WRAPPER_EXTENSION = octest;
			};
			name = Debug;
		};
		2D1470E517374DCD00845408 /* Release */ = {
			isa = XCBuildConfiguration;
			buildSettings = {
				FRAMEWORK_SEARCH_PATHS = (
					"\"$(SDKROOT)/Developer/Library/Frameworks\"",
					"\"$(DEVELOPER_LIBRARY_DIR)/Frameworks\"",
				);
				GCC_PRECOMPILE_PREFIX_HEADER = YES;
				GCC_PREFIX_HEADER = "ARKit/ARKit-Prefix.pch";
				INFOPLIST_FILE = "ARKitTests/ARKitTests-Info.plist";
				OTHER_LDFLAGS = "-ObjC";
				PRODUCT_NAME = "$(TARGET_NAME)";
				WRAPPER_EXTENSION = octest;
			};
			name = Release;
		};
/* End XCBuildConfiguration section */

/* Begin XCConfigurationList section */
		2D1470B617374DCC00845408 /* Build configuration list for PBXProject "ARKit" */ = {
			isa = XCConfigurationList;
			buildConfigurations = (
				2D1470DE17374DCD00845408 /* Debug */,
				2D1470DF17374DCD00845408 /* Release */,
			);
			defaultConfigurationIsVisible = 0;
			defaultConfigurationName = Release;
		};
		2D1470E017374DCD00845408 /* Build configuration list for PBXNativeTarget "ARKit" */ = {
			isa = XCConfigurationList;
			buildConfigurations = (
				2D1470E117374DCD00845408 /* Debug */,
				2D1470E217374DCD00845408 /* Release */,
			);
			defaultConfigurationIsVisible = 0;
			defaultConfigurationName = Release;
		};
		2D1470E317374DCD00845408 /* Build configuration list for PBXNativeTarget "ARKitTests" */ = {
			isa = XCConfigurationList;
			buildConfigurations = (
				2D1470E417374DCD00845408 /* Debug */,
				2D1470E517374DCD00845408 /* Release */,
			);
			defaultConfigurationIsVisible = 0;
			defaultConfigurationName = Release;
		};
/* End XCConfigurationList section */
	};
	rootObject = 2D1470B317374DCC00845408 /* Project object */;
}
